
Microsoft Visual Studio Solution File, Format Version 12.00
# Visual Studio Version 17
VisualStudioVersion = 17.13.35828.75
MinimumVisualStudioVersion = 10.0.40219.1
Project("{FAE04EC0-301F-11D3-BF4B-00C04F79EFBC}") = "FunctionApproximator", "FunctionApproximator\FunctionApproximator.csproj", "{03BFE149-1A4B-4359-98B0-8ADCAFAB3F6D}"
	ProjectSection(ProjectDependencies) = postProject
		{4D0C74E9-1574-42A7-9841-0536E298CA5A} = {4D0C74E9-1574-42A7-9841-0536E298CA5A}
	EndProjectSection
EndProject
Project("{8BC9CEB8-8B4A-11D0-8D11-00A0C91BC942}") = "ApproximationLib", "ApproximationLib\ApproximationLib.vcxproj", "{4D0C74E9-1574-42A7-9841-0536E298CA5A}"
EndProject
Project("{2150E333-8FDC-42A3-9474-1A3956D46DE8}") = "OxyPlotCustom", "OxyPlotCustom", "{36D591C7-65C7-A0D1-1CBC-10CDE441BDC8}"
EndProject
Project("{FAE04EC0-301F-11D3-BF4B-00C04F79EFBC}") = "OxyPlot", "OxyPlotCustom\OxyPlot\OxyPlot.csproj", "{6BFD072F-70A3-A79A-F409-2DA03CD18A8E}"
EndProject
Project("{FAE04EC0-301F-11D3-BF4B-00C04F79EFBC}") = "OxyPlot.Wpf.Shared", "OxyPlotCustom\OxyPlot.Wpf.Shared\OxyPlot.Wpf.Shared.csproj", "{E7135E37-6911-36E6-D7CC-420747E2193D}"
EndProject
Project("{FAE04EC0-301F-11D3-BF4B-00C04F79EFBC}") = "OxyPlot.Wpf", "OxyPlotCustom\OxyPlot.Wpf\OxyPlot.Wpf.csproj", "{8DB7DA4F-687B-9ED1-0AEA-82964120AF59}"
EndProject
Project("{FAE04EC0-301F-11D3-BF4B-00C04F79EFBC}") = "FunctionApproximator.UI", "FunctionApproximator.UI\FunctionApproximator.UI.csproj", "{12F48881-7DDB-4915-8383-CB81AB53065E}"
EndProject
Global
	GlobalSection(SolutionConfigurationPlatforms) = preSolution
		Debug|Any CPU = Debug|Any CPU
		Debug|x64 = Debug|x64
		Debug|x86 = Debug|x86
		Release|Any CPU = Release|Any CPU
		Release|x64 = Release|x64
		Release|x86 = Release|x86
	EndGlobalSection
	GlobalSection(ProjectConfigurationPlatforms) = postSolution
		{03BFE149-1A4B-4359-98B0-8ADCAFAB3F6D}.Debug|Any CPU.ActiveCfg = Debug|Any CPU
		{03BFE149-1A4B-4359-98B0-8ADCAFAB3F6D}.Debug|Any CPU.Build.0 = Debug|Any CPU
		{03BFE149-1A4B-4359-98B0-8ADCAFAB3F6D}.Debug|x64.ActiveCfg = Debug|Any CPU
		{03BFE149-1A4B-4359-98B0-8ADCAFAB3F6D}.Debug|x64.Build.0 = Debug|Any CPU
		{03BFE149-1A4B-4359-98B0-8ADCAFAB3F6D}.Debug|x86.ActiveCfg = Debug|Any CPU
		{03BFE149-1A4B-4359-98B0-8ADCAFAB3F6D}.Debug|x86.Build.0 = Debug|Any CPU
		{03BFE149-1A4B-4359-98B0-8ADCAFAB3F6D}.Release|Any CPU.ActiveCfg = Release|Any CPU
		{03BFE149-1A4B-4359-98B0-8ADCAFAB3F6D}.Release|Any CPU.Build.0 = Release|Any CPU
		{03BFE149-1A4B-4359-98B0-8ADCAFAB3F6D}.Release|x64.ActiveCfg = Release|Any CPU
		{03BFE149-1A4B-4359-98B0-8ADCAFAB3F6D}.Release|x64.Build.0 = Release|Any CPU
		{03BFE149-1A4B-4359-98B0-8ADCAFAB3F6D}.Release|x86.ActiveCfg = Release|Any CPU
		{03BFE149-1A4B-4359-98B0-8ADCAFAB3F6D}.Release|x86.Build.0 = Release|Any CPU
		{4D0C74E9-1574-42A7-9841-0536E298CA5A}.Debug|Any CPU.ActiveCfg = Debug|x64
		{4D0C74E9-1574-42A7-9841-0536E298CA5A}.Debug|Any CPU.Build.0 = Debug|x64
		{4D0C74E9-1574-42A7-9841-0536E298CA5A}.Debug|x64.ActiveCfg = Debug|x64
		{4D0C74E9-1574-42A7-9841-0536E298CA5A}.Debug|x64.Build.0 = Debug|x64
		{4D0C74E9-1574-42A7-9841-0536E298CA5A}.Debug|x86.ActiveCfg = Debug|Win32
		{4D0C74E9-1574-42A7-9841-0536E298CA5A}.Debug|x86.Build.0 = Debug|Win32
		{4D0C74E9-1574-42A7-9841-0536E298CA5A}.Release|Any CPU.ActiveCfg = Release|x64
		{4D0C74E9-1574-42A7-9841-0536E298CA5A}.Release|Any CPU.Build.0 = Release|x64
		{4D0C74E9-1574-42A7-9841-0536E298CA5A}.Release|x64.ActiveCfg = Release|x64
		{4D0C74E9-1574-42A7-9841-0536E298CA5A}.Release|x64.Build.0 = Release|x64
		{4D0C74E9-1574-42A7-9841-0536E298CA5A}.Release|x86.ActiveCfg = Release|Win32
		{4D0C74E9-1574-42A7-9841-0536E298CA5A}.Release|x86.Build.0 = Release|Win32
		{6BFD072F-70A3-A79A-F409-2DA03CD18A8E}.Debug|Any CPU.ActiveCfg = Debug|Any CPU
		{6BFD072F-70A3-A79A-F409-2DA03CD18A8E}.Debug|Any CPU.Build.0 = Debug|Any CPU
		{6BFD072F-70A3-A79A-F409-2DA03CD18A8E}.Debug|x64.ActiveCfg = Debug|Any CPU
		{6BFD072F-70A3-A79A-F409-2DA03CD18A8E}.Debug|x64.Build.0 = Debug|Any CPU
		{6BFD072F-70A3-A79A-F409-2DA03CD18A8E}.Debug|x86.ActiveCfg = Debug|Any CPU
		{6BFD072F-70A3-A79A-F409-2DA03CD18A8E}.Debug|x86.Build.0 = Debug|Any CPU
		{6BFD072F-70A3-A79A-F409-2DA03CD18A8E}.Release|Any CPU.ActiveCfg = Release|Any CPU
		{6BFD072F-70A3-A79A-F409-2DA03CD18A8E}.Release|Any CPU.Build.0 = Release|Any CPU
		{6BFD072F-70A3-A79A-F409-2DA03CD18A8E}.Release|x64.ActiveCfg = Release|Any CPU
		{6BFD072F-70A3-A79A-F409-2DA03CD18A8E}.Release|x64.Build.0 = Release|Any CPU
		{6BFD072F-70A3-A79A-F409-2DA03CD18A8E}.Release|x86.ActiveCfg = Release|Any CPU
		{6BFD072F-70A3-A79A-F409-2DA03CD18A8E}.Release|x86.Build.0 = Release|Any CPU
		{E7135E37-6911-36E6-D7CC-420747E2193D}.Debug|Any CPU.ActiveCfg = Debug|Any CPU
		{E7135E37-6911-36E6-D7CC-420747E2193D}.Debug|Any CPU.Build.0 = Debug|Any CPU
		{E7135E37-6911-36E6-D7CC-420747E2193D}.Debug|x64.ActiveCfg = Debug|Any CPU
		{E7135E37-6911-36E6-D7CC-420747E2193D}.Debug|x64.Build.0 = Debug|Any CPU
		{E7135E37-6911-36E6-D7CC-420747E2193D}.Debug|x86.ActiveCfg = Debug|Any CPU
		{E7135E37-6911-36E6-D7CC-420747E2193D}.Debug|x86.Build.0 = Debug|Any CPU
		{E7135E37-6911-36E6-D7CC-420747E2193D}.Release|Any CPU.ActiveCfg = Release|Any CPU
		{E7135E37-6911-36E6-D7CC-420747E2193D}.Release|Any CPU.Build.0 = Release|Any CPU
		{E7135E37-6911-36E6-D7CC-420747E2193D}.Release|x64.ActiveCfg = Release|Any CPU
		{E7135E37-6911-36E6-D7CC-420747E2193D}.Release|x64.Build.0 = Release|Any CPU
		{E7135E37-6911-36E6-D7CC-420747E2193D}.Release|x86.ActiveCfg = Release|Any CPU
		{E7135E37-6911-36E6-D7CC-420747E2193D}.Release|x86.Build.0 = Release|Any CPU
		{8DB7DA4F-687B-9ED1-0AEA-82964120AF59}.Debug|Any CPU.ActiveCfg = Debug|Any CPU
		{8DB7DA4F-687B-9ED1-0AEA-82964120AF59}.Debug|Any CPU.Build.0 = Debug|Any CPU
		{8DB7DA4F-687B-9ED1-0AEA-82964120AF59}.Debug|x64.ActiveCfg = Debug|Any CPU
		{8DB7DA4F-687B-9ED1-0AEA-82964120AF59}.Debug|x64.Build.0 = Debug|Any CPU
		{8DB7DA4F-687B-9ED1-0AEA-82964120AF59}.Debug|x86.ActiveCfg = Debug|Any CPU
		{8DB7DA4F-687B-9ED1-0AEA-82964120AF59}.Debug|x86.Build.0 = Debug|Any CPU
		{8DB7DA4F-687B-9ED1-0AEA-82964120AF59}.Release|Any CPU.ActiveCfg = Release|Any CPU
		{8DB7DA4F-687B-9ED1-0AEA-82964120AF59}.Release|Any CPU.Build.0 = Release|Any CPU
		{8DB7DA4F-687B-9ED1-0AEA-82964120AF59}.Release|x64.ActiveCfg = Release|Any CPU
		{8DB7DA4F-687B-9ED1-0AEA-82964120AF59}.Release|x64.Build.0 = Release|Any CPU
		{8DB7DA4F-687B-9ED1-0AEA-82964120AF59}.Release|x86.ActiveCfg = Release|Any CPU
		{8DB7DA4F-687B-9ED1-0AEA-82964120AF59}.Release|x86.Build.0 = Release|Any CPU
		{12F48881-7DDB-4915-8383-CB81AB53065E}.Debug|Any CPU.ActiveCfg = Debug|Any CPU
		{12F48881-7DDB-4915-8383-CB81AB53065E}.Debug|Any CPU.Build.0 = Debug|Any CPU
		{12F48881-7DDB-4915-8383-CB81AB53065E}.Debug|x64.ActiveCfg = Debug|Any CPU
		{12F48881-7DDB-4915-8383-CB81AB53065E}.Debug|x64.Build.0 = Debug|Any CPU
		{12F48881-7DDB-4915-8383-CB81AB53065E}.Debug|x86.ActiveCfg = Debug|Any CPU
		{12F48881-7DDB-4915-8383-CB81AB53065E}.Debug|x86.Build.0 = Debug|Any CPU
		{12F48881-7DDB-4915-8383-CB81AB53065E}.Release|Any CPU.ActiveCfg = Release|Any CPU
		{12F48881-7DDB-4915-8383-CB81AB53065E}.Release|Any CPU.Build.0 = Release|Any CPU
		{12F48881-7DDB-4915-8383-CB81AB53065E}.Release|x64.ActiveCfg = Release|Any CPU
		{12F48881-7DDB-4915-8383-CB81AB53065E}.Release|x64.Build.0 = Release|Any CPU
		{12F48881-7DDB-4915-8383-CB81AB53065E}.Release|x86.ActiveCfg = Release|Any CPU
		{12F48881-7DDB-4915-8383-CB81AB53065E}.Release|x86.Build.0 = Release|Any CPU
	EndGlobalSection
	GlobalSection(SolutionProperties) = preSolution
		HideSolutionNode = FALSE
	EndGlobalSection
	GlobalSection(NestedProjects) = preSolution
		{6BFD072F-70A3-A79A-F409-2DA03CD18A8E} = {36D591C7-65C7-A0D1-1CBC-10CDE441BDC8}
		{E7135E37-6911-36E6-D7CC-420747E2193D} = {36D591C7-65C7-A0D1-1CBC-10CDE441BDC8}
		{8DB7DA4F-687B-9ED1-0AEA-82964120AF59} = {36D591C7-65C7-A0D1-1CBC-10CDE441BDC8}
	EndGlobalSection
	GlobalSection(ExtensibilityGlobals) = postSolution
		SolutionGuid = {8BAC2EA5-792F-4C43-BD66-E4DCD9D54421}
	EndGlobalSection
EndGlobal
